
Microsoft Visual Studio Solution File, Format Version 12.00
# Visual Studio 14
VisualStudioVersion = 14.0.25420.1
MinimumVisualStudioVersion = 10.0.40219.1
Project("{2150E333-8FDC-42A3-9474-1A3956D46DE8}") = "Databases", "Databases", "{3703F30D-D925-4C62-A5BA-56343E38B38B}"
EndProject
Project("{00D1A9C2-B5F0-4AF3-8072-F6C62B433612}") = "DW", "Databases\DW\DW.sqlproj", "{88E273CA-721E-46EF-972E-E7800EFA4F88}"
EndProject
Project("{2150E333-8FDC-42A3-9474-1A3956D46DE8}") = "ETL", "ETL", "{80100472-5C96-46B8-8503-8F93D0CD4E9E}"
EndProject
Project("{159641D6-6404-4A2A-AE62-294DE0FE8301}") = "Demos", "ETL\Demos\Demos.dtproj", "{B67A1731-B059-4A04-B58D-6D7319E4DA1F}"
EndProject
Global
	GlobalSection(SolutionConfigurationPlatforms) = preSolution
		Debug|Any CPU = Debug|Any CPU
		Development|Any CPU = Development|Any CPU
		Release|Any CPU = Release|Any CPU
	EndGlobalSection
	GlobalSection(ProjectConfigurationPlatforms) = postSolution
		{88E273CA-721E-46EF-972E-E7800EFA4F88}.Debug|Any CPU.ActiveCfg = Debug|Any CPU
		{88E273CA-721E-46EF-972E-E7800EFA4F88}.Debug|Any CPU.Build.0 = Debug|Any CPU
		{88E273CA-721E-46EF-972E-E7800EFA4F88}.Debug|Any CPU.Deploy.0 = Debug|Any CPU
		{88E273CA-721E-46EF-972E-E7800EFA4F88}.Development|Any CPU.ActiveCfg = Debug|Any CPU
		{88E273CA-721E-46EF-972E-E7800EFA4F88}.Development|Any CPU.Build.0 = Debug|Any CPU
		{88E273CA-721E-46EF-972E-E7800EFA4F88}.Development|Any CPU.Deploy.0 = Debug|Any CPU
		{88E273CA-721E-46EF-972E-E7800EFA4F88}.Release|Any CPU.ActiveCfg = Release|Any CPU
		{88E273CA-721E-46EF-972E-E7800EFA4F88}.Release|Any CPU.Build.0 = Release|Any CPU
		{88E273CA-721E-46EF-972E-E7800EFA4F88}.Release|Any CPU.Deploy.0 = Release|Any CPU
		{B67A1731-B059-4A04-B58D-6D7319E4DA1F}.Debug|Any CPU.ActiveCfg = Development
		{B67A1731-B059-4A04-B58D-6D7319E4DA1F}.Debug|Any CPU.Build.0 = Development
		{B67A1731-B059-4A04-B58D-6D7319E4DA1F}.Development|Any CPU.ActiveCfg = Development
		{B67A1731-B059-4A04-B58D-6D7319E4DA1F}.Development|Any CPU.Build.0 = Development
		{B67A1731-B059-4A04-B58D-6D7319E4DA1F}.Release|Any CPU.ActiveCfg = Development
		{B67A1731-B059-4A04-B58D-6D7319E4DA1F}.Release|Any CPU.Build.0 = Development
	EndGlobalSection
	GlobalSection(SolutionProperties) = preSolution
		HideSolutionNode = FALSE
	EndGlobalSection
	GlobalSection(NestedProjects) = preSolution
		{88E273CA-721E-46EF-972E-E7800EFA4F88} = {3703F30D-D925-4C62-A5BA-56343E38B38B}
		{B67A1731-B059-4A04-B58D-6D7319E4DA1F} = {80100472-5C96-46B8-8503-8F93D0CD4E9E}
	EndGlobalSection
EndGlobal
